
Microsoft Visual Studio Solution File, Format Version 12.00
# Visual Studio 2012
Project("{FAE04EC0-301F-11D3-BF4B-00C04F79EFBC}") = "TreeNode", "TreeNode\TreeNode.csproj", "{44B6E004-C6E4-4274-A377-E79E12AF83A9}"
EndProject
Global
	GlobalSection(SolutionConfigurationPlatforms) = preSolution
		Debug|x86 = Debug|x86
		Release|x86 = Release|x86
	EndGlobalSection
	GlobalSection(ProjectConfigurationPlatforms) = postSolution
		{44B6E004-C6E4-4274-A377-E79E12AF83A9}.Debug|x86.ActiveCfg = Debug|x86
		{44B6E004-C6E4-4274-A377-E79E12AF83A9}.Debug|x86.Build.0 = Debug|x86
		{44B6E004-C6E4-4274-A377-E79E12AF83A9}.Release|x86.ActiveCfg = Release|x86
		{44B6E004-C6E4-4274-A377-E79E12AF83A9}.Release|x86.Build.0 = Release|x86
	EndGlobalSection
	GlobalSection(MonoDevelopProperties) = preSolution
		StartupItem = TreeNode\TreeNode.csproj
	EndGlobalSection
EndGlobal
